{
  "name": "webserver",
  "lockfileVersion": 3,
  "requires": true,
  "packages": {
    "": {
      "devDependencies": {
        "daisyui": "^5.1.13"
      }
    },
    "node_modules/daisyui": {
      "version": "5.1.13",
      "resolved": "https://registry.npmjs.org/daisyui/-/daisyui-5.1.13.tgz",
      "integrity": "sha512-KWPF/4R+EHTJRqKZFNmSDPfAZ5xeS6YWB/2kS7Y6wGKg+atscUi2DOp6HoDD/OgGML0PJTtTpgwpTfeHVfjk7w==",
      "dev": true,
      "license": "MIT",
      "funding": {
        "url": "https://github.com/saadeghi/daisyui?sponsor=1"
      }
    }
  }
}
